
Microsoft Visual Studio Solution File, Format Version 11.00
# Visual Studio 2010
Project("{FAE04EC0-301F-11D3-BF4B-00C04F79EFBC}") = "moonlightapp", "moonlightapp.csproj", "{4E0784B9-F80A-4834-9B37-6ED0F8E769EC}"
EndProject
Global
	GlobalSection(SolutionConfigurationPlatforms) = preSolution
		Debug|Any CPU = Debug|Any CPU
		Release|Any CPU = Release|Any CPU
	EndGlobalSection
	GlobalSection(ProjectConfigurationPlatforms) = postSolution
		{4E0784B9-F80A-4834-9B37-6ED0F8E769EC}.Debug|Any CPU.ActiveCfg = Debug|Any CPU
		{4E0784B9-F80A-4834-9B37-6ED0F8E769EC}.Debug|Any CPU.Build.0 = Debug|Any CPU
		{4E0784B9-F80A-4834-9B37-6ED0F8E769EC}.Release|Any CPU.ActiveCfg = Release|Any CPU
		{4E0784B9-F80A-4834-9B37-6ED0F8E769EC}.Release|Any CPU.Build.0 = Release|Any CPU
	EndGlobalSection
	GlobalSection(MonoDevelopProperties) = preSolution
		StartupItem = moonlightapp.csproj
	EndGlobalSection
EndGlobal
